
Microsoft Visual Studio Solution File, Format Version 12.00
# Visual Studio 15
VisualStudioVersion = 15.0.27130.2036
MinimumVisualStudioVersion = 10.0.40219.1
Project("{FAE04EC0-301F-11D3-BF4B-00C04F79EFBC}") = "Mafia2Toolkit", "Mafia2Libs\Mafia2Toolkit.csproj", "{38DB9B9C-5E78-4E92-B4A8-96A219924F5E}"
EndProject
Project("{FAE04EC0-301F-11D3-BF4B-00C04F79EFBC}") = "ToolkitUpdater", "ToolkitUpdater\ToolkitUpdater.csproj", "{6AE7172A-B4DC-4588-890F-881AF2B31431}"
EndProject
Global
	GlobalSection(SolutionConfigurationPlatforms) = preSolution
		Debug|Any CPU = Debug|Any CPU
		Debug|x64 = Debug|x64
		Release|Any CPU = Release|Any CPU
		Release|x64 = Release|x64
	EndGlobalSection
	GlobalSection(ProjectConfigurationPlatforms) = postSolution
		{38DB9B9C-5E78-4E92-B4A8-96A219924F5E}.Debug|Any CPU.ActiveCfg = Debug|Any CPU
		{38DB9B9C-5E78-4E92-B4A8-96A219924F5E}.Debug|Any CPU.Build.0 = Debug|Any CPU
		{38DB9B9C-5E78-4E92-B4A8-96A219924F5E}.Debug|x64.ActiveCfg = Debug|Any CPU
		{38DB9B9C-5E78-4E92-B4A8-96A219924F5E}.Debug|x64.Build.0 = Debug|Any CPU
		{38DB9B9C-5E78-4E92-B4A8-96A219924F5E}.Release|Any CPU.ActiveCfg = Release|Any CPU
		{38DB9B9C-5E78-4E92-B4A8-96A219924F5E}.Release|Any CPU.Build.0 = Release|Any CPU
		{38DB9B9C-5E78-4E92-B4A8-96A219924F5E}.Release|x64.ActiveCfg = Release|Any CPU
		{38DB9B9C-5E78-4E92-B4A8-96A219924F5E}.Release|x64.Build.0 = Release|Any CPU
		{6AE7172A-B4DC-4588-890F-881AF2B31431}.Debug|Any CPU.ActiveCfg = Debug|Any CPU
		{6AE7172A-B4DC-4588-890F-881AF2B31431}.Debug|Any CPU.Build.0 = Debug|Any CPU
		{6AE7172A-B4DC-4588-890F-881AF2B31431}.Debug|x64.ActiveCfg = Debug|Any CPU
		{6AE7172A-B4DC-4588-890F-881AF2B31431}.Debug|x64.Build.0 = Debug|Any CPU
		{6AE7172A-B4DC-4588-890F-881AF2B31431}.Release|Any CPU.ActiveCfg = Release|Any CPU
		{6AE7172A-B4DC-4588-890F-881AF2B31431}.Release|Any CPU.Build.0 = Release|Any CPU
		{6AE7172A-B4DC-4588-890F-881AF2B31431}.Release|x64.ActiveCfg = Release|Any CPU
		{6AE7172A-B4DC-4588-890F-881AF2B31431}.Release|x64.Build.0 = Release|Any CPU
	EndGlobalSection
	GlobalSection(SolutionProperties) = preSolution
		HideSolutionNode = FALSE
	EndGlobalSection
	GlobalSection(ExtensibilityGlobals) = postSolution
		SolutionGuid = {C44DD898-7149-4CA4-B9DB-DAE0490C69E4}
	EndGlobalSection
EndGlobal
