
Microsoft Visual Studio Solution File, Format Version 12.00
# Visual Studio 15
VisualStudioVersion = 15.0.27130.2036
MinimumVisualStudioVersion = 10.0.40219.1
Project("{FAE04EC0-301F-11D3-BF4B-00C04F79EFBC}") = "Mafia2Tool", "Mafia2Libs\Mafia2Tool.csproj", "{38DB9B9C-5E78-4E92-B4A8-96A219924F5E}"
EndProject
Project("{FAE04EC0-301F-11D3-BF4B-00C04F79EFBC}") = "GibbedIO", "GibbedIO\Gibbed.IO.csproj", "{047857BA-DAA3-4CA7-AFB8-A1B082B28C6A}"
EndProject
Project("{FAE04EC0-301F-11D3-BF4B-00C04F79EFBC}") = "Mafia2Lib", "Mafia2\Mafia2Lib.csproj", "{F8D4E99D-10E6-457E-8B87-80D675686F90}"
EndProject
Global
	GlobalSection(SolutionConfigurationPlatforms) = preSolution
		Debug|Any CPU = Debug|Any CPU
		Release|Any CPU = Release|Any CPU
	EndGlobalSection
	GlobalSection(ProjectConfigurationPlatforms) = postSolution
		{38DB9B9C-5E78-4E92-B4A8-96A219924F5E}.Debug|Any CPU.ActiveCfg = Debug|Any CPU
		{38DB9B9C-5E78-4E92-B4A8-96A219924F5E}.Debug|Any CPU.Build.0 = Debug|Any CPU
		{38DB9B9C-5E78-4E92-B4A8-96A219924F5E}.Release|Any CPU.ActiveCfg = Release|Any CPU
		{38DB9B9C-5E78-4E92-B4A8-96A219924F5E}.Release|Any CPU.Build.0 = Release|Any CPU
		{047857BA-DAA3-4CA7-AFB8-A1B082B28C6A}.Debug|Any CPU.ActiveCfg = Debug|Any CPU
		{047857BA-DAA3-4CA7-AFB8-A1B082B28C6A}.Debug|Any CPU.Build.0 = Debug|Any CPU
		{047857BA-DAA3-4CA7-AFB8-A1B082B28C6A}.Release|Any CPU.ActiveCfg = Release|Any CPU
		{047857BA-DAA3-4CA7-AFB8-A1B082B28C6A}.Release|Any CPU.Build.0 = Release|Any CPU
		{F8D4E99D-10E6-457E-8B87-80D675686F90}.Debug|Any CPU.ActiveCfg = Debug|Any CPU
		{F8D4E99D-10E6-457E-8B87-80D675686F90}.Debug|Any CPU.Build.0 = Debug|Any CPU
		{F8D4E99D-10E6-457E-8B87-80D675686F90}.Release|Any CPU.ActiveCfg = Release|Any CPU
		{F8D4E99D-10E6-457E-8B87-80D675686F90}.Release|Any CPU.Build.0 = Release|Any CPU
	EndGlobalSection
	GlobalSection(SolutionProperties) = preSolution
		HideSolutionNode = FALSE
	EndGlobalSection
	GlobalSection(ExtensibilityGlobals) = postSolution
		SolutionGuid = {C44DD898-7149-4CA4-B9DB-DAE0490C69E4}
	EndGlobalSection
EndGlobal
